
Microsoft Visual Studio Solution File, Format Version 12.00
# Visual Studio 15
Project("{FAE04EC0-301F-11D3-BF4B-00C04F79EFBC}") = "Assembly-CSharp", "Assembly-CSharp.csproj", "{F2CF5C46-0C01-1082-6B02-CFE4164D512E}"
EndProject
Project("{FAE04EC0-301F-11D3-BF4B-00C04F79EFBC}") = "Assembly-CSharp-Editor", "Assembly-CSharp-Editor.csproj", "{EAE29605-C977-BCCC-4835-D9DDDE596959}"
EndProject
Global
	GlobalSection(SolutionConfigurationPlatforms) = preSolution
		Debug|Any CPU = Debug|Any CPU
		Release|Any CPU = Release|Any CPU
	EndGlobalSection
	GlobalSection(ProjectConfigurationPlatforms) = postSolution
		{F2CF5C46-0C01-1082-6B02-CFE4164D512E}.Debug|Any CPU.ActiveCfg = Debug|Any CPU
		{F2CF5C46-0C01-1082-6B02-CFE4164D512E}.Debug|Any CPU.Build.0 = Debug|Any CPU
		{F2CF5C46-0C01-1082-6B02-CFE4164D512E}.Release|Any CPU.ActiveCfg = Release|Any CPU
		{F2CF5C46-0C01-1082-6B02-CFE4164D512E}.Release|Any CPU.Build.0 = Release|Any CPU
		{EAE29605-C977-BCCC-4835-D9DDDE596959}.Debug|Any CPU.ActiveCfg = Debug|Any CPU
		{EAE29605-C977-BCCC-4835-D9DDDE596959}.Debug|Any CPU.Build.0 = Debug|Any CPU
		{EAE29605-C977-BCCC-4835-D9DDDE596959}.Release|Any CPU.ActiveCfg = Release|Any CPU
		{EAE29605-C977-BCCC-4835-D9DDDE596959}.Release|Any CPU.Build.0 = Release|Any CPU
	EndGlobalSection
	GlobalSection(SolutionProperties) = preSolution
		HideSolutionNode = FALSE
	EndGlobalSection
EndGlobal
